
Microsoft Visual Studio Solution File, Format Version 12.00
# Visual Studio 15
Project("{FAE04EC0-301F-11D3-BF4B-00C04F79EFBC}") = "ArraysAndLists", "ArraysAndLists.csproj", "{C8BF2A0B-1704-4C1F-B498-6776B4765E9B}"
EndProject
Global
	GlobalSection(SolutionConfigurationPlatforms) = preSolution
		Debug|Any CPU = Debug|Any CPU
		Release|Any CPU = Release|Any CPU
	EndGlobalSection
	GlobalSection(ProjectConfigurationPlatforms) = postSolution
		{C8BF2A0B-1704-4C1F-B498-6776B4765E9B}.Debug|Any CPU.ActiveCfg = Debug|Any CPU
		{C8BF2A0B-1704-4C1F-B498-6776B4765E9B}.Debug|Any CPU.Build.0 = Debug|Any CPU
		{C8BF2A0B-1704-4C1F-B498-6776B4765E9B}.Release|Any CPU.ActiveCfg = Release|Any CPU
		{C8BF2A0B-1704-4C1F-B498-6776B4765E9B}.Release|Any CPU.Build.0 = Release|Any CPU
	EndGlobalSection
EndGlobal
